
Microsoft Visual Studio Solution File, Format Version 12.00
# Visual Studio Version 17
VisualStudioVersion = 17.0.32112.339
MinimumVisualStudioVersion = 10.0.40219.1
Project("{FAE04EC0-301F-11D3-BF4B-00C04F79EFBC}") = "TrevalApI", "TrevalApI\TrevalApI.csproj", "{D2588B90-DDA9-49F9-9A68-7FDA992DF445}"
EndProject
Global
	GlobalSection(SolutionConfigurationPlatforms) = preSolution
		Debug|Any CPU = Debug|Any CPU
		Release|Any CPU = Release|Any CPU
	EndGlobalSection
	GlobalSection(ProjectConfigurationPlatforms) = postSolution
		{D2588B90-DDA9-49F9-9A68-7FDA992DF445}.Debug|Any CPU.ActiveCfg = Debug|Any CPU
		{D2588B90-DDA9-49F9-9A68-7FDA992DF445}.Debug|Any CPU.Build.0 = Debug|Any CPU
		{D2588B90-DDA9-49F9-9A68-7FDA992DF445}.Release|Any CPU.ActiveCfg = Release|Any CPU
		{D2588B90-DDA9-49F9-9A68-7FDA992DF445}.Release|Any CPU.Build.0 = Release|Any CPU
	EndGlobalSection
	GlobalSection(SolutionProperties) = preSolution
		HideSolutionNode = FALSE
	EndGlobalSection
	GlobalSection(ExtensibilityGlobals) = postSolution
		SolutionGuid = {9A31845C-3220-4835-9FFE-615EACAC8B85}
	EndGlobalSection
EndGlobal
